
Microsoft Visual Studio Solution File, Format Version 12.00
# Visual Studio Version 16
VisualStudioVersion = 16.0.810.22
MinimumVisualStudioVersion = 10.0.40219.1
Project("{FAE04EC0-301F-11D3-BF4B-00C04F79EFBC}") = "AJIR-MCV-dotnetcore", "AJIR-MCV-dotnetcore\AJIR-MCV-dotnetcore.csproj", "{F1EE48CB-6BDC-4095-B4CC-C0BBC97E24B2}"
EndProject
Project("{FAE04EC0-301F-11D3-BF4B-00C04F79EFBC}") = "Models", "Models\Models.csproj", "{34CBABB2-B6BC-480A-B1E1-08E84CE380F9}"
EndProject
Global
	GlobalSection(SolutionConfigurationPlatforms) = preSolution
		Debug|Any CPU = Debug|Any CPU
		Release|Any CPU = Release|Any CPU
	EndGlobalSection
	GlobalSection(ProjectConfigurationPlatforms) = postSolution
		{F1EE48CB-6BDC-4095-B4CC-C0BBC97E24B2}.Debug|Any CPU.ActiveCfg = Debug|Any CPU
		{F1EE48CB-6BDC-4095-B4CC-C0BBC97E24B2}.Debug|Any CPU.Build.0 = Debug|Any CPU
		{F1EE48CB-6BDC-4095-B4CC-C0BBC97E24B2}.Release|Any CPU.ActiveCfg = Release|Any CPU
		{F1EE48CB-6BDC-4095-B4CC-C0BBC97E24B2}.Release|Any CPU.Build.0 = Release|Any CPU
		{34CBABB2-B6BC-480A-B1E1-08E84CE380F9}.Debug|Any CPU.ActiveCfg = Debug|Any CPU
		{34CBABB2-B6BC-480A-B1E1-08E84CE380F9}.Debug|Any CPU.Build.0 = Debug|Any CPU
		{34CBABB2-B6BC-480A-B1E1-08E84CE380F9}.Release|Any CPU.ActiveCfg = Release|Any CPU
		{34CBABB2-B6BC-480A-B1E1-08E84CE380F9}.Release|Any CPU.Build.0 = Release|Any CPU
	EndGlobalSection
	GlobalSection(SolutionProperties) = preSolution
		HideSolutionNode = FALSE
	EndGlobalSection
	GlobalSection(ExtensibilityGlobals) = postSolution
		SolutionGuid = {787BD3CC-21CF-43D6-88DC-6F9E3DFE744C}
	EndGlobalSection
EndGlobal
